GEM
  remote: https://rubygems.org/
  specs:
    addressable (2.9.0)
      public_suffix (>= 2.0.2, < 8.0)
    getoptlong (0.2.1)
    ipaddr (1.2.7)
    json (2.13.2)
    public_suffix (7.0.5)
    resolv (0.6.2)
    resolv-replace (0.1.1)
      resolv

PLATFORMS
  ruby
  x86_64-linux

DEPENDENCIES
  addressable
  getoptlong
  ipaddr
  json
  resolv-replace

BUNDLED WITH
   2.7.1
